Microsoft Visual Studio Solution File, Format Version 11.00
# Visual Studio 2008

Project("{108712A9-9E61-8300-93E7-DD3B4785019F}") = "BlockBall3_Unity", "Assembly-CSharp-firstpass-vs.csproj", "{785EE1EA-5900-5C17-C8EE-E00CD782E081}"
EndProject
Project("{108712A9-9E61-8300-93E7-DD3B4785019F}") = "BlockBall3_Unity", "Assembly-CSharp-vs.csproj", "{93602804-607D-83F3-7437-D7DFA022520B}"
EndProject
Project("{108712A9-9E61-8300-93E7-DD3B4785019F}") = "BlockBall3_Unity", "Assembly-CSharp-Editor-vs.csproj", "{0EA93ED6-D546-89D9-0188-FFE5A0C4FD39}"
EndProject
Global
	GlobalSection(SolutionConfigurationPlatforms) = preSolution
		Debug|Any CPU = Debug|Any CPU
		Release|Any CPU = Release|Any CPU
	EndGlobalSection
	GlobalSection(ProjectConfigurationPlatforms) = postSolution
		{785EE1EA-5900-5C17-C8EE-E00CD782E081}.Debug|Any CPU.ActiveCfg = Debug|Any CPU
		{785EE1EA-5900-5C17-C8EE-E00CD782E081}.Debug|Any CPU.Build.0 = Debug|Any CPU
		{785EE1EA-5900-5C17-C8EE-E00CD782E081}.Release|Any CPU.ActiveCfg = Release|Any CPU
		{785EE1EA-5900-5C17-C8EE-E00CD782E081}.Release|Any CPU.Build.0 = Release|Any CPU
		{93602804-607D-83F3-7437-D7DFA022520B}.Debug|Any CPU.ActiveCfg = Debug|Any CPU
		{93602804-607D-83F3-7437-D7DFA022520B}.Debug|Any CPU.Build.0 = Debug|Any CPU
		{93602804-607D-83F3-7437-D7DFA022520B}.Release|Any CPU.ActiveCfg = Release|Any CPU
		{93602804-607D-83F3-7437-D7DFA022520B}.Release|Any CPU.Build.0 = Release|Any CPU
		{0EA93ED6-D546-89D9-0188-FFE5A0C4FD39}.Debug|Any CPU.ActiveCfg = Debug|Any CPU
		{0EA93ED6-D546-89D9-0188-FFE5A0C4FD39}.Debug|Any CPU.Build.0 = Debug|Any CPU
		{0EA93ED6-D546-89D9-0188-FFE5A0C4FD39}.Release|Any CPU.ActiveCfg = Release|Any CPU
		{0EA93ED6-D546-89D9-0188-FFE5A0C4FD39}.Release|Any CPU.Build.0 = Release|Any CPU
	EndGlobalSection
	GlobalSection(SolutionProperties) = preSolution
		HideSolutionNode = FALSE
	EndGlobalSection
																																									GlobalSection(MonoDevelopProperties) = preSolution
		StartupItem = Assembly-CSharp.csproj
		Policies = $0
		$0.TextStylePolicy = $1
		$1.inheritsSet = null
		$1.scope = text/x-csharp
		$0.CSharpFormattingPolicy = $2
		$2.inheritsSet = Mono
		$2.inheritsScope = text/x-csharp
		$2.scope = text/x-csharp
		$0.TextStylePolicy = $3
		$3.FileWidth = 120
		$3.TabWidth = 4
		$3.EolMarker = Unix
		$3.inheritsSet = Mono
		$3.inheritsScope = text/plain
		$3.scope = text/plain
	EndGlobalSection

EndGlobal
